
Microsoft Visual Studio Solution File, Format Version 12.00
Project("{FAE04EC0-301F-11D3-BF4B-00C04F79EFBC}") = "WebApp", "WebApp\WebApp.csproj", "{290F9030-F7EB-40AC-BB6B-F55405A4CD5F}"
EndProject
Project("{FAE04EC0-301F-11D3-BF4B-00C04F79EFBC}") = "DAL", "DAL\DAL.csproj", "{25DBCF1C-DD51-4BD6-BA2E-F15781D44BE2}"
EndProject
Project("{FAE04EC0-301F-11D3-BF4B-00C04F79EFBC}") = "Domain", "Domain\Domain.csproj", "{AD7EA203-8DD5-49F0-B819-042D0F4899CA}"
EndProject
Project("{2150E333-8FDC-42A3-9474-1A3956D46DE8}") = "!Solution Items", "!Solution Items", "{B143CCAF-E308-444F-901E-CFF80840EFE3}"
	ProjectSection(SolutionItems) = preProject
		..\..\icd0008\BookCRUD\Directory.Build.props = ..\..\icd0008\BookCRUD\Directory.Build.props
		..\..\icd0008\BookCRUD\README.md = ..\..\icd0008\BookCRUD\README.md
	EndProjectSection
EndProject
Global
	GlobalSection(SolutionConfigurationPlatforms) = preSolution
		Debug|Any CPU = Debug|Any CPU
		Release|Any CPU = Release|Any CPU
	EndGlobalSection
	GlobalSection(ProjectConfigurationPlatforms) = postSolution
		{290F9030-F7EB-40AC-BB6B-F55405A4CD5F}.Debug|Any CPU.ActiveCfg = Debug|Any CPU
		{290F9030-F7EB-40AC-BB6B-F55405A4CD5F}.Debug|Any CPU.Build.0 = Debug|Any CPU
		{290F9030-F7EB-40AC-BB6B-F55405A4CD5F}.Release|Any CPU.ActiveCfg = Release|Any CPU
		{290F9030-F7EB-40AC-BB6B-F55405A4CD5F}.Release|Any CPU.Build.0 = Release|Any CPU
		{25DBCF1C-DD51-4BD6-BA2E-F15781D44BE2}.Debug|Any CPU.ActiveCfg = Debug|Any CPU
		{25DBCF1C-DD51-4BD6-BA2E-F15781D44BE2}.Debug|Any CPU.Build.0 = Debug|Any CPU
		{25DBCF1C-DD51-4BD6-BA2E-F15781D44BE2}.Release|Any CPU.ActiveCfg = Release|Any CPU
		{25DBCF1C-DD51-4BD6-BA2E-F15781D44BE2}.Release|Any CPU.Build.0 = Release|Any CPU
		{AD7EA203-8DD5-49F0-B819-042D0F4899CA}.Debug|Any CPU.ActiveCfg = Debug|Any CPU
		{AD7EA203-8DD5-49F0-B819-042D0F4899CA}.Debug|Any CPU.Build.0 = Debug|Any CPU
		{AD7EA203-8DD5-49F0-B819-042D0F4899CA}.Release|Any CPU.ActiveCfg = Release|Any CPU
		{AD7EA203-8DD5-49F0-B819-042D0F4899CA}.Release|Any CPU.Build.0 = Release|Any CPU
	EndGlobalSection
EndGlobal
